
Microsoft Visual Studio Solution File, Format Version 12.00
# Visual Studio Version 16
VisualStudioVersion = 16.0.31129.286
MinimumVisualStudioVersion = 10.0.40219.1
Project("{9A19103F-16F7-4668-BE54-9A1E7A4F7556}") = "Pokemon", "Pokemon\Pokemon.csproj", "{AF656DC6-B03C-4772-A1A2-34B32AC22354}"
EndProject
Project("{9A19103F-16F7-4668-BE54-9A1E7A4F7556}") = "Pokemon.UnitTests", "Pokemon.UnitTests\Pokemon.UnitTests.csproj", "{42CF2E4C-62D6-4A0E-A8F5-65CC68438796}"
EndProject
Project("{FAE04EC0-301F-11D3-BF4B-00C04F79EFBC}") = "Pokemon.UI", "Pokemon.UI\Pokemon.UI.csproj", "{8FE82170-AED3-4210-80BD-717CA43C33B8}"
EndProject
Global
	GlobalSection(SolutionConfigurationPlatforms) = preSolution
		Debug|Any CPU = Debug|Any CPU
		Release|Any CPU = Release|Any CPU
	EndGlobalSection
	GlobalSection(ProjectConfigurationPlatforms) = postSolution
		{AF656DC6-B03C-4772-A1A2-34B32AC22354}.Debug|Any CPU.ActiveCfg = Debug|Any CPU
		{AF656DC6-B03C-4772-A1A2-34B32AC22354}.Debug|Any CPU.Build.0 = Debug|Any CPU
		{AF656DC6-B03C-4772-A1A2-34B32AC22354}.Release|Any CPU.ActiveCfg = Release|Any CPU
		{AF656DC6-B03C-4772-A1A2-34B32AC22354}.Release|Any CPU.Build.0 = Release|Any CPU
		{42CF2E4C-62D6-4A0E-A8F5-65CC68438796}.Debug|Any CPU.ActiveCfg = Debug|Any CPU
		{42CF2E4C-62D6-4A0E-A8F5-65CC68438796}.Debug|Any CPU.Build.0 = Debug|Any CPU
		{42CF2E4C-62D6-4A0E-A8F5-65CC68438796}.Release|Any CPU.ActiveCfg = Release|Any CPU
		{42CF2E4C-62D6-4A0E-A8F5-65CC68438796}.Release|Any CPU.Build.0 = Release|Any CPU
		{8FE82170-AED3-4210-80BD-717CA43C33B8}.Debug|Any CPU.ActiveCfg = Debug|Any CPU
		{8FE82170-AED3-4210-80BD-717CA43C33B8}.Debug|Any CPU.Build.0 = Debug|Any CPU
		{8FE82170-AED3-4210-80BD-717CA43C33B8}.Release|Any CPU.ActiveCfg = Release|Any CPU
		{8FE82170-AED3-4210-80BD-717CA43C33B8}.Release|Any CPU.Build.0 = Release|Any CPU
	EndGlobalSection
	GlobalSection(SolutionProperties) = preSolution
		HideSolutionNode = FALSE
	EndGlobalSection
	GlobalSection(ExtensibilityGlobals) = postSolution
		SolutionGuid = {273697B7-0CF2-48A6-9440-F9B1DE0F9BDC}
	EndGlobalSection
EndGlobal
